
Microsoft Visual Studio Solution File, Format Version 12.00
# Visual Studio Version 17
VisualStudioVersion = 17.8.34330.188
MinimumVisualStudioVersion = 10.0.40219.1
Project("{FAE04EC0-301F-11D3-BF4B-00C04F79EFBC}") = "RegistrodeTDetalle", "RegistrodeTDetalle\RegistrodeTDetalle.csproj", "{1E554D8D-003C-453B-9F38-F90AB285FAD1}"
EndProject
Project("{FAE04EC0-301F-11D3-BF4B-00C04F79EFBC}") = "RegistrodeTDetalle.Api", "RegistrodeTDetalle.Api\RegistrodeTDetalle.Api.csproj", "{E719FE36-3EA4-430B-89D2-0CD4639889C6}"
EndProject
Project("{FAE04EC0-301F-11D3-BF4B-00C04F79EFBC}") = "Library", "Library\Library.csproj", "{885B2B93-9703-44FB-8D6F-18AD14C64237}"
EndProject
Global
	GlobalSection(SolutionConfigurationPlatforms) = preSolution
		Debug|Any CPU = Debug|Any CPU
		Release|Any CPU = Release|Any CPU
	EndGlobalSection
	GlobalSection(ProjectConfigurationPlatforms) = postSolution
		{1E554D8D-003C-453B-9F38-F90AB285FAD1}.Debug|Any CPU.ActiveCfg = Debug|Any CPU
		{1E554D8D-003C-453B-9F38-F90AB285FAD1}.Debug|Any CPU.Build.0 = Debug|Any CPU
		{1E554D8D-003C-453B-9F38-F90AB285FAD1}.Release|Any CPU.ActiveCfg = Release|Any CPU
		{1E554D8D-003C-453B-9F38-F90AB285FAD1}.Release|Any CPU.Build.0 = Release|Any CPU
		{E719FE36-3EA4-430B-89D2-0CD4639889C6}.Debug|Any CPU.ActiveCfg = Debug|Any CPU
		{E719FE36-3EA4-430B-89D2-0CD4639889C6}.Debug|Any CPU.Build.0 = Debug|Any CPU
		{E719FE36-3EA4-430B-89D2-0CD4639889C6}.Release|Any CPU.ActiveCfg = Release|Any CPU
		{E719FE36-3EA4-430B-89D2-0CD4639889C6}.Release|Any CPU.Build.0 = Release|Any CPU
		{885B2B93-9703-44FB-8D6F-18AD14C64237}.Debug|Any CPU.ActiveCfg = Debug|Any CPU
		{885B2B93-9703-44FB-8D6F-18AD14C64237}.Debug|Any CPU.Build.0 = Debug|Any CPU
		{885B2B93-9703-44FB-8D6F-18AD14C64237}.Release|Any CPU.ActiveCfg = Release|Any CPU
		{885B2B93-9703-44FB-8D6F-18AD14C64237}.Release|Any CPU.Build.0 = Release|Any CPU
	EndGlobalSection
	GlobalSection(SolutionProperties) = preSolution
		HideSolutionNode = FALSE
	EndGlobalSection
	GlobalSection(ExtensibilityGlobals) = postSolution
		SolutionGuid = {87C092DE-3A10-494C-BE94-DD28B3EEB18E}
	EndGlobalSection
EndGlobal
